
Microsoft Visual Studio Solution File, Format Version 12.00
# Visual Studio Version 17
VisualStudioVersion = 17.7.34302.85
MinimumVisualStudioVersion = 10.0.40219.1
Project("{FAE04EC0-301F-11D3-BF4B-00C04F79EFBC}") = "Muhammed Saad CV", "Muhammed Saad CV\Muhammed Saad CV.csproj", "{6C97016E-7310-4052-9DEE-69FA07F41D8A}"
EndProject
Global
	GlobalSection(SolutionConfigurationPlatforms) = preSolution
		Debug|Any CPU = Debug|Any CPU
		Release|Any CPU = Release|Any CPU
	EndGlobalSection
	GlobalSection(ProjectConfigurationPlatforms) = postSolution
		{6C97016E-7310-4052-9DEE-69FA07F41D8A}.Debug|Any CPU.ActiveCfg = Debug|Any CPU
		{6C97016E-7310-4052-9DEE-69FA07F41D8A}.Debug|Any CPU.Build.0 = Debug|Any CPU
		{6C97016E-7310-4052-9DEE-69FA07F41D8A}.Release|Any CPU.ActiveCfg = Release|Any CPU
		{6C97016E-7310-4052-9DEE-69FA07F41D8A}.Release|Any CPU.Build.0 = Release|Any CPU
	EndGlobalSection
	GlobalSection(SolutionProperties) = preSolution
		HideSolutionNode = FALSE
	EndGlobalSection
	GlobalSection(ExtensibilityGlobals) = postSolution
		SolutionGuid = {C3B41008-A107-44A6-B88E-E0CC980C1E3B}
	EndGlobalSection
EndGlobal
